# THIS IS AN AUTOGENERATED FILE. DO NOT EDIT THIS FILE DIRECTLY.
# yarn lockfile v1


create-tauri-app-darwin-arm64@4.5.9:
  version "4.5.9"
  resolved "https://registry.yarnpkg.com/create-tauri-app-darwin-arm64/-/create-tauri-app-darwin-arm64-4.5.9.tgz#cf01f1c66a1f131bfab345525a1cf627d38d6b88"
  integrity sha512-nbNMOmdW80ZroxBY6JXvwQK40xDcl+7UTr/EPrExEL5anq++T+pluobesqSoeLgqddMEeQv+jExfpcZuBXwJGQ==

create-tauri-app-darwin-universal@4.5.9:
  version "4.5.9"
  resolved "https://registry.yarnpkg.com/create-tauri-app-darwin-universal/-/create-tauri-app-darwin-universal-4.5.9.tgz#c0ea2c558e6ae1d18d2c4bd2d12e5de0c7a2e0e1"
  integrity sha512-6AE2xZIxTXjcO9QVdApBPGmjdGNuAo3bpNJbfEI90yKMXwMRDTtmpXJlZMtPaWSfhaBDJNARdVoPWp3xn8iw9Q==

create-tauri-app-darwin-x64@4.5.9:
  version "4.5.9"
  resolved "https://registry.yarnpkg.com/create-tauri-app-darwin-x64/-/create-tauri-app-darwin-x64-4.5.9.tgz#e640bf8506065f1c49a4871e78906bcc433a8208"
  integrity sha512-f8PWuKqNuVpMfk9/y+iruYmhF0aquL5HjwZ3ew3JJlg5bhGcm7XSMVirUjEYEuBFhT2CQhp/TG3KcUDbRJF6Dg==

create-tauri-app-linux-arm-gnueabihf@4.5.9:
  version "4.5.9"
  resolved "https://registry.yarnpkg.com/create-tauri-app-linux-arm-gnueabihf/-/create-tauri-app-linux-arm-gnueabihf-4.5.9.tgz#a65aa38398c59830b015c79958c338d737fb43c3"
  integrity sha512-tcetNWJQEFd+8GhBbdVeTQF2fRvOxoBU1hB+uKlX7yyS90W595OzbZJRYb9DyIXYxl2kEx1gOpFKmRYNUomuDg==

create-tauri-app-linux-arm64-gnu@4.5.9:
  version "4.5.9"
  resolved "https://registry.yarnpkg.com/create-tauri-app-linux-arm64-gnu/-/create-tauri-app-linux-arm64-gnu-4.5.9.tgz#84d3a3d04ce5f1db10cdf171fe1a5f4407b4a667"
  integrity sha512-uCT4piLtHXeo2U2Z1lDRpUMIvjZFElDFx4kyPt01lY/i7NdD9lYINd/4H1ikyzQ9iyof75uUlMXzTb37yfxK8A==

create-tauri-app-linux-arm64-musl@4.5.9:
  version "4.5.9"
  resolved "https://registry.yarnpkg.com/create-tauri-app-linux-arm64-musl/-/create-tauri-app-linux-arm64-musl-4.5.9.tgz#d90d4248d885516fc7f7418b207fa96c74531667"
  integrity sha512-zG4RE0MHzDBDe5LY0JmjHAGCIcy41fP1VM6V+Hqs8LLVp4sVv9fe8xqSnk+qfp8F71N0O0MquL0tQomnaztx1g==

create-tauri-app-linux-x64-gnu@4.5.9:
  version "4.5.9"
  resolved "https://registry.yarnpkg.com/create-tauri-app-linux-x64-gnu/-/create-tauri-app-linux-x64-gnu-4.5.9.tgz#e39b29b2742ebb62f859bb04a840850747316d38"
  integrity sha512-AoTP9Lm40dt/plq6HrvCvo+mV/a6+CRoDUwVvIBx72HyyVA5pP10iYe4so7T2sVg5LaDDM6ZxaS525b109YsWA==

create-tauri-app-linux-x64-musl@4.5.9:
  version "4.5.9"
  resolved "https://registry.yarnpkg.com/create-tauri-app-linux-x64-musl/-/create-tauri-app-linux-x64-musl-4.5.9.tgz#3fdfeb40ba460b0e68fcb7beb39989a43fefcdf4"
  integrity sha512-5aDuvIEaj0e1ppY3xCCaZIB6sWe9UrLL3EZ3xDaeFt6tq3lZd3/TcA4eDWZQbNKbBHmQ9NcxpcUTZR3swSljKg==

create-tauri-app-win32-arm64-msvc@4.5.9:
  version "4.5.9"
  resolved "https://registry.yarnpkg.com/create-tauri-app-win32-arm64-msvc/-/create-tauri-app-win32-arm64-msvc-4.5.9.tgz#0a7665e905121f3eff649d449e4a0b7d6dd494f5"
  integrity sha512-YsA6188JUeiUI27rvUl0Gi9I2MJjYtWAi90oTXOgeO/T9xW/5qcsQk3eC1IW3H6HymI/bzhhsil4DDJ5qfqT+Q==

create-tauri-app-win32-ia32-msvc@4.5.9:
  version "4.5.9"
  resolved "https://registry.yarnpkg.com/create-tauri-app-win32-ia32-msvc/-/create-tauri-app-win32-ia32-msvc-4.5.9.tgz#204f5f7f3698f6bb95f582e0702e0520ecb6b3b5"
  integrity sha512-MKtDqpGCu+KB0s7UJ5KUiEIKY3Ulqf31JMxn1gX/h3t4EExXH0agm+VQi54xjx9cUvOFIllllPyFzfRKMqAM+Q==

create-tauri-app-win32-x64-msvc@4.5.9:
  version "4.5.9"
  resolved "https://registry.yarnpkg.com/create-tauri-app-win32-x64-msvc/-/create-tauri-app-win32-x64-msvc-4.5.9.tgz#331c4f9ad2c796a136c21135a51f555ca54d4aec"
  integrity sha512-HUgOJ6NXaGsVNsjJdvJEI4cDVYdQ9/JDW8kyIJ6y4KI7zu4P2XfQUUry0bdpkKul3xUhx+/lSH8qjWEO+8kXWg==

create-tauri-app@^4.5.9:
  version "4.5.9"
  resolved "https://registry.yarnpkg.com/create-tauri-app/-/create-tauri-app-4.5.9.tgz#37ae54c6b18259273b5c92ed8295e9c4f239eb85"
  integrity sha512-ds21hIV/bNqHf/Il1u+gxpDFwJJgyec2c7OPLuQV5KmdmwRU7q/vLe9darLiLDitI8hGvl4KQ34oD+by0nbrMg==
  optionalDependencies:
    create-tauri-app-darwin-arm64 "4.5.9"
    create-tauri-app-darwin-universal "4.5.9"
    create-tauri-app-darwin-x64 "4.5.9"
    create-tauri-app-linux-arm-gnueabihf "4.5.9"
    create-tauri-app-linux-arm64-gnu "4.5.9"
    create-tauri-app-linux-arm64-musl "4.5.9"
    create-tauri-app-linux-x64-gnu "4.5.9"
    create-tauri-app-linux-x64-musl "4.5.9"
    create-tauri-app-win32-arm64-msvc "4.5.9"
    create-tauri-app-win32-ia32-msvc "4.5.9"
    create-tauri-app-win32-x64-msvc "4.5.9"
